
Microsoft Visual Studio Solution File, Format Version 12.00
# Visual Studio 15
VisualStudioVersion = 15.0.28307.1062
MinimumVisualStudioVersion = 10.0.40219.1
Project("{FAE04EC0-301F-11D3-BF4B-00C04F79EFBC}") = "Project19", "Project19\Project19.csproj", "{13E0BCEE-DB49-41CC-B40B-EC73584E8C45}"
EndProject
Project("{9A19103F-16F7-4668-BE54-9A1E7A4F7556}") = "DAL", "DAL\DAL.csproj", "{ED374E41-B8DB-43BF-8F6F-88A2DCB54151}"
EndProject
Project("{9A19103F-16F7-4668-BE54-9A1E7A4F7556}") = "DAL.Tests", "DAL.Tests\DAL.Tests.csproj", "{96351CEB-E4D2-44C1-8654-BEE603A27E1F}"
EndProject
Project("{FAE04EC0-301F-11D3-BF4B-00C04F79EFBC}") = "BLL", "BLL\BLL.csproj", "{B6FED0F3-16BE-4598-8810-59B606A1A38B}"
EndProject
Project("{FAE04EC0-301F-11D3-BF4B-00C04F79EFBC}") = "CCL", "CCL\CCL.csproj", "{EEBC7ACB-6081-4E11-927D-DCD1177F2D29}"
EndProject
Project("{FAE04EC0-301F-11D3-BF4B-00C04F79EFBC}") = "BLL.Tests", "BLL.Tests\BLL.Tests.csproj", "{C94972BD-ECD3-447C-95B4-EB6035E8074E}"
EndProject
Global
	GlobalSection(SolutionConfigurationPlatforms) = preSolution
		Debug|Any CPU = Debug|Any CPU
		Release|Any CPU = Release|Any CPU
	EndGlobalSection
	GlobalSection(ProjectConfigurationPlatforms) = postSolution
		{13E0BCEE-DB49-41CC-B40B-EC73584E8C45}.Debug|Any CPU.ActiveCfg = Debug|Any CPU
		{13E0BCEE-DB49-41CC-B40B-EC73584E8C45}.Debug|Any CPU.Build.0 = Debug|Any CPU
		{13E0BCEE-DB49-41CC-B40B-EC73584E8C45}.Release|Any CPU.ActiveCfg = Release|Any CPU
		{13E0BCEE-DB49-41CC-B40B-EC73584E8C45}.Release|Any CPU.Build.0 = Release|Any CPU
		{ED374E41-B8DB-43BF-8F6F-88A2DCB54151}.Debug|Any CPU.ActiveCfg = Debug|Any CPU
		{ED374E41-B8DB-43BF-8F6F-88A2DCB54151}.Debug|Any CPU.Build.0 = Debug|Any CPU
		{ED374E41-B8DB-43BF-8F6F-88A2DCB54151}.Release|Any CPU.ActiveCfg = Release|Any CPU
		{ED374E41-B8DB-43BF-8F6F-88A2DCB54151}.Release|Any CPU.Build.0 = Release|Any CPU
		{96351CEB-E4D2-44C1-8654-BEE603A27E1F}.Debug|Any CPU.ActiveCfg = Debug|Any CPU
		{96351CEB-E4D2-44C1-8654-BEE603A27E1F}.Debug|Any CPU.Build.0 = Debug|Any CPU
		{96351CEB-E4D2-44C1-8654-BEE603A27E1F}.Release|Any CPU.ActiveCfg = Release|Any CPU
		{96351CEB-E4D2-44C1-8654-BEE603A27E1F}.Release|Any CPU.Build.0 = Release|Any CPU
		{B6FED0F3-16BE-4598-8810-59B606A1A38B}.Debug|Any CPU.ActiveCfg = Debug|Any CPU
		{B6FED0F3-16BE-4598-8810-59B606A1A38B}.Debug|Any CPU.Build.0 = Debug|Any CPU
		{B6FED0F3-16BE-4598-8810-59B606A1A38B}.Release|Any CPU.ActiveCfg = Release|Any CPU
		{B6FED0F3-16BE-4598-8810-59B606A1A38B}.Release|Any CPU.Build.0 = Release|Any CPU
		{EEBC7ACB-6081-4E11-927D-DCD1177F2D29}.Debug|Any CPU.ActiveCfg = Debug|Any CPU
		{EEBC7ACB-6081-4E11-927D-DCD1177F2D29}.Debug|Any CPU.Build.0 = Debug|Any CPU
		{EEBC7ACB-6081-4E11-927D-DCD1177F2D29}.Release|Any CPU.ActiveCfg = Release|Any CPU
		{EEBC7ACB-6081-4E11-927D-DCD1177F2D29}.Release|Any CPU.Build.0 = Release|Any CPU
		{C94972BD-ECD3-447C-95B4-EB6035E8074E}.Debug|Any CPU.ActiveCfg = Debug|Any CPU
		{C94972BD-ECD3-447C-95B4-EB6035E8074E}.Debug|Any CPU.Build.0 = Debug|Any CPU
		{C94972BD-ECD3-447C-95B4-EB6035E8074E}.Release|Any CPU.ActiveCfg = Release|Any CPU
		{C94972BD-ECD3-447C-95B4-EB6035E8074E}.Release|Any CPU.Build.0 = Release|Any CPU
	EndGlobalSection
	GlobalSection(SolutionProperties) = preSolution
		HideSolutionNode = FALSE
	EndGlobalSection
	GlobalSection(ExtensibilityGlobals) = postSolution
		SolutionGuid = {FEB5313B-6647-4D94-AB8E-9A5D5BD844D0}
	EndGlobalSection
EndGlobal
